{
  "projects": [
    {
      "projectId": "5hcXucFLbU2HXXyViGsKcc",
      "version": "latest",
      "dependencies": {},
      "lang": "js",
      "fileLocks": [
        {
          "type": "globalVariant",
          "assetId": "CKiKQKC6vQP",
          "checksum": "e0d199a1cc5a4a4a42df1eb0a40951e3"
        },
        {
          "type": "renderModule",
          "assetId": "YM1dV_oo7d6",
          "checksum": "4a83d444521eea0ff675c27054b3ca9a"
        },
        {
          "type": "cssRules",
          "assetId": "YM1dV_oo7d6",
          "checksum": "4a83d444521eea0ff675c27054b3ca9a"
        },
        {
          "type": "renderModule",
          "assetId": "yultREBN7Sq",
          "checksum": "d812a889353ddb0f5d498991f2d2f72f"
        },
        {
          "type": "cssRules",
          "assetId": "yultREBN7Sq",
          "checksum": "d812a889353ddb0f5d498991f2d2f72f"
        },
        {
          "type": "renderModule",
          "assetId": "CNXBrZUeuly",
          "checksum": "a166516c6a49dccee111587b5f54732b"
        },
        {
          "type": "cssRules",
          "assetId": "CNXBrZUeuly",
          "checksum": "a166516c6a49dccee111587b5f54732b"
        },
        {
          "type": "renderModule",
          "assetId": "QR_hKnwrAmf",
          "checksum": "3eae8802fb6693f1ce67562b5737a5ca"
        },
        {
          "type": "cssRules",
          "assetId": "QR_hKnwrAmf",
          "checksum": "3eae8802fb6693f1ce67562b5737a5ca"
        },
        {
          "type": "renderModule",
          "assetId": "hdHzn6DY0iA",
          "checksum": "248093e8115c9692502a1203a65f4b0c"
        },
        {
          "type": "cssRules",
          "assetId": "hdHzn6DY0iA",
          "checksum": "248093e8115c9692502a1203a65f4b0c"
        },
        {
          "type": "renderModule",
          "assetId": "zp7ZfI7ZOmd",
          "checksum": "0807dbff0731622d2750e181eee98540"
        },
        {
          "type": "cssRules",
          "assetId": "zp7ZfI7ZOmd",
          "checksum": "0807dbff0731622d2750e181eee98540"
        },
        {
          "type": "renderModule",
          "assetId": "NwRWbWBeNPq",
          "checksum": "ea95026cc9c92e9546a97e21acc5aed9"
        },
        {
          "type": "cssRules",
          "assetId": "NwRWbWBeNPq",
          "checksum": "ea95026cc9c92e9546a97e21acc5aed9"
        },
        {
          "assetId": "5hcXucFLbU2HXXyViGsKcc",
          "type": "projectCss",
          "checksum": "33a7c12f5e1577714de47aa13f5761d8"
        },
        {
          "type": "icon",
          "assetId": "Ay7G9ywA1AI",
          "checksum": "fba8c6d2fdd9bd8aa673a26ab14a6258"
        }
      ]
    }
  ],
  "cliVersion": "0.1.161"
}
